
Microsoft Visual Studio Solution File, Format Version 12.00
# Visual Studio Version 16
VisualStudioVersion = 16.0.32126.315
MinimumVisualStudioVersion = 10.0.40219.1
Project("{FAE04EC0-301F-11D3-BF4B-00C04F79EFBC}") = "20MinutesTillDawn.PowerScaling", "20MinutesTillDawn.PowerScaling\20MinutesTillDawn.PowerScaling.csproj", "{F165009F-C3B4-40A5-83AA-6BBF6A5AA949}"
EndProject
Global
	GlobalSection(SolutionConfigurationPlatforms) = preSolution
		Debug|Any CPU = Debug|Any CPU
		Release|Any CPU = Release|Any CPU
	EndGlobalSection
	GlobalSection(ProjectConfigurationPlatforms) = postSolution
		{F165009F-C3B4-40A5-83AA-6BBF6A5AA949}.Debug|Any CPU.ActiveCfg = Debug|Any CPU
		{F165009F-C3B4-40A5-83AA-6BBF6A5AA949}.Debug|Any CPU.Build.0 = Debug|Any CPU
		{F165009F-C3B4-40A5-83AA-6BBF6A5AA949}.Release|Any CPU.ActiveCfg = Release|Any CPU
		{F165009F-C3B4-40A5-83AA-6BBF6A5AA949}.Release|Any CPU.Build.0 = Release|Any CPU
	EndGlobalSection
	GlobalSection(SolutionProperties) = preSolution
		HideSolutionNode = FALSE
	EndGlobalSection
	GlobalSection(ExtensibilityGlobals) = postSolution
		SolutionGuid = {620B1016-7E10-4CEC-BA56-EFA841B33B44}
	EndGlobalSection
EndGlobal
